<?xml version="1.0" encoding="utf-8"?>
<Project ToolsVersion="4.0" xmlns="http://schemas.microsoft.com/developer/msbuild/2003">
  <ItemGroup>
    <Filter Include="Source Files">
      <UniqueIdentifier>{4FC737F1-C7A5-4376-A066-2A32D752A2FF}</UniqueIdentifier>
      <Extensions>cpp;c;cc;cxx;def;odl;idl;hpj;bat;asm;asmx</Extensions>
    </Filter>
    <Filter Include="Source Files\camera">
      <UniqueIdentifier>{e058a7bc-c69a-4981-9f62-2de0eba8f07f}</UniqueIdentifier>
    </Filter>
    <Filter Include="Source Files\geometry">
      <UniqueIdentifier>{a1ea4468-19a3-4b96-aa59-6d955c8ef502}</UniqueIdentifier>
    </Filter>
    <Filter Include="Source Files\geometry\basic">
      <UniqueIdentifier>{067749b7-6d55-440e-b2da-73b605725bfd}</UniqueIdentifier>
    </Filter>
    <Filter Include="Source Files\geometry\primitives">
      <UniqueIdentifier>{baba69ea-5544-4911-844b-14215e5b87da}</UniqueIdentifier>
    </Filter>
    <Filter Include="Source Files\geometry\mesh">
      <UniqueIdentifier>{d0a568a7-574a-47ea-b80c-939878143447}</UniqueIdentifier>
    </Filter>
    <Filter Include="Source Files\light">
      <UniqueIdentifier>{fb0a2a88-1c33-48f1-8e89-ca93f313d38e}</UniqueIdentifier>
    </Filter>
    <Filter Include="Source Files\main">
      <UniqueIdentifier>{f94dbe34-0059-4f7d-8d73-732c9297e9a3}</UniqueIdentifier>
    </Filter>
    <Filter Include="Source Files\material">
      <UniqueIdentifier>{cf364fbe-6167-4483-a223-ab314ee22fc2}</UniqueIdentifier>
    </Filter>
    <Filter Include="Source Files\render_system">
      <UniqueIdentifier>{e61abb50-9731-4f2c-af51-344ce0760106}</UniqueIdentifier>
    </Filter>
    <Filter Include="Source Files\animation">
      <UniqueIdentifier>{063006da-31ad-44b0-9657-cf52cda58760}</UniqueIdentifier>
    </Filter>
    <Filter Include="Source Files\importer">
      <UniqueIdentifier>{a7c224c6-4f12-4de7-b84c-2de47bd18f38}</UniqueIdentifier>
    </Filter>
    <Filter Include="Source Files\scene">
      <UniqueIdentifier>{1688b1c0-4d5b-4b85-9fd5-9ab5838be065}</UniqueIdentifier>
    </Filter>
    <Filter Include="Source Files\shader">
      <UniqueIdentifier>{4c8b6320-6e28-4d5f-adbc-0f89cb63b1e0}</UniqueIdentifier>
    </Filter>
    <Filter Include="Source Files\render_engine">
      <UniqueIdentifier>{ff71b20f-52fa-4c0e-9c05-7d6516229245}</UniqueIdentifier>
    </Filter>
    <Filter Include="Source Files\overlay">
      <UniqueIdentifier>{1ad70441-6886-4227-9464-9fdc7f689dea}</UniqueIdentifier>
    </Filter>
    <Filter Include="Source Files\text">
      <UniqueIdentifier>{cceaf0d9-ab86-41a9-8ac1-606d195633cc}</UniqueIdentifier>
    </Filter>
    <Filter Include="Header Files">
      <UniqueIdentifier>{93995380-89BD-4b04-88EB-625FBE52EBFB}</UniqueIdentifier>
      <Extensions>h;hpp;hxx;hm;inl;inc;xsd</Extensions>
    </Filter>
    <Filter Include="Header Files\camera">
      <UniqueIdentifier>{09ac1be6-8749-40f5-a07c-cf7d6bace825}</UniqueIdentifier>
    </Filter>
    <Filter Include="Header Files\geometry">
      <UniqueIdentifier>{642eaa1b-575a-48b7-816a-22fd6cd465b0}</UniqueIdentifier>
    </Filter>
    <Filter Include="Header Files\geometry\basic">
      <UniqueIdentifier>{b515bd73-e909-42ff-91f2-b023cd4a2fdc}</UniqueIdentifier>
    </Filter>
    <Filter Include="Header Files\geometry\mesh">
      <UniqueIdentifier>{417f4df4-a822-4ac9-ad64-4681f770a181}</UniqueIdentifier>
    </Filter>
    <Filter Include="Header Files\geometry\primitives">
      <UniqueIdentifier>{d73ced6e-461a-4753-b0e1-b25585ad662d}</UniqueIdentifier>
    </Filter>
    <Filter Include="Header Files\light">
      <UniqueIdentifier>{9657fcfc-f4ed-4fa8-9a3b-d84a5cb822db}</UniqueIdentifier>
    </Filter>
    <Filter Include="Header Files\material">
      <UniqueIdentifier>{ac016d5c-844b-48e9-a050-da4cb0dbc8d8}</UniqueIdentifier>
    </Filter>
    <Filter Include="Header Files\main">
      <UniqueIdentifier>{6b55c7e3-f0e8-4d9e-aa9a-61387b61ea8e}</UniqueIdentifier>
    </Filter>
    <Filter Include="Header Files\render_system">
      <UniqueIdentifier>{abf8019f-4e02-427b-81fb-cc00fcc2065a}</UniqueIdentifier>
    </Filter>
    <Filter Include="Header Files\scene">
      <UniqueIdentifier>{d2a90bc6-b70c-434e-b90e-4284d6c4aa1f}</UniqueIdentifier>
    </Filter>
    <Filter Include="Header Files\animation">
      <UniqueIdentifier>{6b433eeb-0164-4d52-ba26-e82434717abd}</UniqueIdentifier>
    </Filter>
    <Filter Include="Header Files\importer">
      <UniqueIdentifier>{40faa700-8f5d-4b50-af46-ef694011d03f}</UniqueIdentifier>
    </Filter>
    <Filter Include="Header Files\shader">
      <UniqueIdentifier>{10af24a2-0d0c-49a4-ba32-b9d9c1a874f7}</UniqueIdentifier>
    </Filter>
    <Filter Include="Header Files\render_engine">
      <UniqueIdentifier>{acdcc9e5-27e7-43cb-bd1f-1b25a392b15c}</UniqueIdentifier>
    </Filter>
    <Filter Include="Header Files\overlay">
      <UniqueIdentifier>{80f2348e-46fb-4c98-925b-9564f311febc}</UniqueIdentifier>
    </Filter>
    <Filter Include="Header Files\text">
      <UniqueIdentifier>{f10bd81e-00cb-4960-b8b2-c0bec7781ea6}</UniqueIdentifier>
    </Filter>
    <Filter Include="Resource Files">
      <UniqueIdentifier>{67DA6AB6-F800-4c08-8B7A-83BB121AAD01}</UniqueIdentifier>
      <Extensions>rc;ico;cur;bmp;dlg;rc2;rct;bin;rgs;gif;jpg;jpeg;jpe;resx;tiff;tif;png;wav</Extensions>
    </Filter>
  </ItemGroup>
  <ItemGroup>
    <ClCompile Include="src\Castor3D\Log.cpp">
      <Filter>Source Files</Filter>
    </ClCompile>
    <ClCompile Include="src\Castor3D\precompiled_header\PrecompiledHeader.cpp">
      <Filter>Source Files</Filter>
    </ClCompile>
    <ClCompile Include="src\Castor3D\camera\Camera.cpp">
      <Filter>Source Files\camera</Filter>
    </ClCompile>
    <ClCompile Include="src\Castor3D\camera\Ray.cpp">
      <Filter>Source Files\camera</Filter>
    </ClCompile>
    <ClCompile Include="src\Castor3D\camera\Viewport.cpp">
      <Filter>Source Files\camera</Filter>
    </ClCompile>
    <ClCompile Include="src\Castor3D\geometry\Module_Geometry.cpp">
      <Filter>Source Files\geometry</Filter>
    </ClCompile>
    <ClCompile Include="src\Castor3D\geometry\basic\Arc.cpp">
      <Filter>Source Files\geometry\basic</Filter>
    </ClCompile>
    <ClCompile Include="src\Castor3D\geometry\basic\Face.cpp">
      <Filter>Source Files\geometry\basic</Filter>
    </ClCompile>
    <ClCompile Include="src\Castor3D\geometry\basic\SmoothingGroup.cpp">
      <Filter>Source Files\geometry\basic</Filter>
    </ClCompile>
    <ClCompile Include="src\Castor3D\geometry\primitives\Geometry.cpp">
      <Filter>Source Files\geometry\primitives</Filter>
    </ClCompile>
    <ClCompile Include="src\Castor3D\geometry\primitives\MovableObject.cpp">
      <Filter>Source Files\geometry\primitives</Filter>
    </ClCompile>
    <ClCompile Include="src\Castor3D\geometry\mesh\ConicMesh.cpp">
      <Filter>Source Files\geometry\mesh</Filter>
    </ClCompile>
    <ClCompile Include="src\Castor3D\geometry\mesh\CubicMesh.cpp">
      <Filter>Source Files\geometry\mesh</Filter>
    </ClCompile>
    <ClCompile Include="src\Castor3D\geometry\mesh\CylindricMesh.cpp">
      <Filter>Source Files\geometry\mesh</Filter>
    </ClCompile>
    <ClCompile Include="src\Castor3D\geometry\mesh\IcosaedricMesh.cpp">
      <Filter>Source Files\geometry\mesh</Filter>
    </ClCompile>
    <ClCompile Include="src\Castor3D\geometry\mesh\LoopDivider.cpp">
      <Filter>Source Files\geometry\mesh</Filter>
    </ClCompile>
    <ClCompile Include="src\Castor3D\geometry\mesh\Mesh.cpp">
      <Filter>Source Files\geometry\mesh</Filter>
    </ClCompile>
    <ClCompile Include="src\Castor3D\geometry\mesh\MeshManager.cpp">
      <Filter>Source Files\geometry\mesh</Filter>
    </ClCompile>
    <ClCompile Include="src\Castor3D\geometry\mesh\PlaneMesh.cpp">
      <Filter>Source Files\geometry\mesh</Filter>
    </ClCompile>
    <ClCompile Include="src\Castor3D\geometry\mesh\PNTrianglesDivider.cpp">
      <Filter>Source Files\geometry\mesh</Filter>
    </ClCompile>
    <ClCompile Include="src\Castor3D\geometry\mesh\SphericMesh.cpp">
      <Filter>Source Files\geometry\mesh</Filter>
    </ClCompile>
    <ClCompile Include="src\Castor3D\geometry\mesh\Subdiviser.cpp">
      <Filter>Source Files\geometry\mesh</Filter>
    </ClCompile>
    <ClCompile Include="src\Castor3D\geometry\mesh\Submesh.cpp">
      <Filter>Source Files\geometry\mesh</Filter>
    </ClCompile>
    <ClCompile Include="src\Castor3D\geometry\mesh\TorusMesh.cpp">
      <Filter>Source Files\geometry\mesh</Filter>
    </ClCompile>
    <ClCompile Include="src\Castor3D\light\DirectionalLight.cpp">
      <Filter>Source Files\light</Filter>
    </ClCompile>
    <ClCompile Include="src\Castor3D\light\Light.cpp">
      <Filter>Source Files\light</Filter>
    </ClCompile>
    <ClCompile Include="src\Castor3D\light\PointLight.cpp">
      <Filter>Source Files\light</Filter>
    </ClCompile>
    <ClCompile Include="src\Castor3D\light\SpotLight.cpp">
      <Filter>Source Files\light</Filter>
    </ClCompile>
    <ClCompile Include="src\Castor3D\main\FrameListener.cpp">
      <Filter>Source Files\main</Filter>
    </ClCompile>
    <ClCompile Include="src\Castor3D\main\Plugin.cpp">
      <Filter>Source Files\main</Filter>
    </ClCompile>
    <ClCompile Include="src\Castor3D\main\RendererServer.cpp">
      <Filter>Source Files\main</Filter>
    </ClCompile>
    <ClCompile Include="src\Castor3D\main\RenderWindow.cpp">
      <Filter>Source Files\main</Filter>
    </ClCompile>
    <ClCompile Include="src\Castor3D\main\Root.cpp">
      <Filter>Source Files\main</Filter>
    </ClCompile>
    <ClCompile Include="src\Castor3D\material\Material.cpp">
      <Filter>Source Files\material</Filter>
    </ClCompile>
    <ClCompile Include="src\Castor3D\material\MaterialManager.cpp">
      <Filter>Source Files\material</Filter>
    </ClCompile>
    <ClCompile Include="src\Castor3D\material\Pass.cpp">
      <Filter>Source Files\material</Filter>
    </ClCompile>
    <ClCompile Include="src\Castor3D\material\TextureEnvironment.cpp">
      <Filter>Source Files\material</Filter>
    </ClCompile>
    <ClCompile Include="src\Castor3D\material\TextureUnit.cpp">
      <Filter>Source Files\material</Filter>
    </ClCompile>
    <ClCompile Include="src\Castor3D\render_system\Buffer.cpp">
      <Filter>Source Files\render_system</Filter>
    </ClCompile>
    <ClCompile Include="src\Castor3D\render_system\RenderSystem.cpp">
      <Filter>Source Files\render_system</Filter>
    </ClCompile>
    <ClCompile Include="src\Castor3D\animation\AnimatedObject.cpp">
      <Filter>Source Files\animation</Filter>
    </ClCompile>
    <ClCompile Include="src\Castor3D\animation\AnimatedObjectGroup.cpp">
      <Filter>Source Files\animation</Filter>
    </ClCompile>
    <ClCompile Include="src\Castor3D\animation\Animation.cpp">
      <Filter>Source Files\animation</Filter>
    </ClCompile>
    <ClCompile Include="src\Castor3D\animation\AnimationManager.cpp">
      <Filter>Source Files\animation</Filter>
    </ClCompile>
    <ClCompile Include="src\Castor3D\animation\Interpolation.cpp">
      <Filter>Source Files\animation</Filter>
    </ClCompile>
    <ClCompile Include="src\Castor3D\animation\KeyFrame.cpp">
      <Filter>Source Files\animation</Filter>
    </ClCompile>
    <ClCompile Include="src\Castor3D\importer\AseImporter.cpp">
      <Filter>Source Files\importer</Filter>
    </ClCompile>
    <ClCompile Include="src\Castor3D\importer\BspImporter.cpp">
      <Filter>Source Files\importer</Filter>
    </ClCompile>
    <ClCompile Include="src\Castor3D\importer\ExternalImporter.cpp">
      <Filter>Source Files\importer</Filter>
    </ClCompile>
    <ClCompile Include="src\Castor3D\importer\GSDImporter.cpp">
      <Filter>Source Files\importer</Filter>
    </ClCompile>
    <ClCompile Include="src\Castor3D\importer\Md2Importer.cpp">
      <Filter>Source Files\importer</Filter>
    </ClCompile>
    <ClCompile Include="src\Castor3D\importer\Md3Importer.cpp">
      <Filter>Source Files\importer</Filter>
    </ClCompile>
    <ClCompile Include="src\Castor3D\importer\ObjImporter.cpp">
      <Filter>Source Files\importer</Filter>
    </ClCompile>
    <ClCompile Include="src\Castor3D\importer\PlyImporter.cpp">
      <Filter>Source Files\importer</Filter>
    </ClCompile>
    <ClCompile Include="src\Castor3D\importer\SMaxImporter.cpp">
      <Filter>Source Files\importer</Filter>
    </ClCompile>
    <ClCompile Include="src\Castor3D\scene\Scene.cpp">
      <Filter>Source Files\scene</Filter>
    </ClCompile>
    <ClCompile Include="src\Castor3D\scene\SceneFileParser.cpp">
      <Filter>Source Files\scene</Filter>
    </ClCompile>
    <ClCompile Include="src\Castor3D\scene\SceneFileParser_Parsers.cpp">
      <Filter>Source Files\scene</Filter>
    </ClCompile>
    <ClCompile Include="src\Castor3D\scene\SceneManager.cpp">
      <Filter>Source Files\scene</Filter>
    </ClCompile>
    <ClCompile Include="src\Castor3D\scene\SceneNode.cpp">
      <Filter>Source Files\scene</Filter>
    </ClCompile>
    <ClCompile Include="src\Castor3D\shader\ShaderManager.cpp">
      <Filter>Source Files\shader</Filter>
    </ClCompile>
    <ClCompile Include="src\Castor3D\shader\ShaderProgram.cpp">
      <Filter>Source Files\shader</Filter>
    </ClCompile>
    <ClCompile Include="src\Castor3D\render_engine\RenderEngine.cpp">
      <Filter>Source Files\render_engine</Filter>
    </ClCompile>
    <ClCompile Include="src\Castor3D\overlay\Overlay.cpp">
      <Filter>Source Files\overlay</Filter>
    </ClCompile>
    <ClCompile Include="src\Castor3D\overlay\OverlayManager.cpp">
      <Filter>Source Files\overlay</Filter>
    </ClCompile>
  </ItemGroup>
  <ItemGroup>
    <ClInclude Include="include\Castor3D\Log.h">
      <Filter>Header Files</Filter>
    </ClInclude>
    <ClInclude Include="include\Castor3D\Module_General.h">
      <Filter>Header Files</Filter>
    </ClInclude>
    <ClInclude Include="src\Castor3D\precompiled_header\PrecompiledHeader.h">
      <Filter>Header Files</Filter>
    </ClInclude>
    <ClInclude Include="include\Castor3D\camera\Camera.h">
      <Filter>Header Files\camera</Filter>
    </ClInclude>
    <ClInclude Include="include\Castor3D\camera\Module_Camera.h">
      <Filter>Header Files\camera</Filter>
    </ClInclude>
    <ClInclude Include="include\Castor3D\camera\Ray.h">
      <Filter>Header Files\camera</Filter>
    </ClInclude>
    <ClInclude Include="include\Castor3D\camera\Viewport.h">
      <Filter>Header Files\camera</Filter>
    </ClInclude>
    <ClInclude Include="include\Castor3D\geometry\Module_Geometry.h">
      <Filter>Header Files\geometry</Filter>
    </ClInclude>
    <ClInclude Include="include\Castor3D\geometry\basic\Arc.h">
      <Filter>Header Files\geometry\basic</Filter>
    </ClInclude>
    <ClInclude Include="include\Castor3D\geometry\basic\Face.h">
      <Filter>Header Files\geometry\basic</Filter>
    </ClInclude>
    <ClInclude Include="include\Castor3D\geometry\basic\SmoothingGroup.h">
      <Filter>Header Files\geometry\basic</Filter>
    </ClInclude>
    <ClInclude Include="include\Castor3D\geometry\basic\Vertex.h">
      <Filter>Header Files\geometry\basic</Filter>
    </ClInclude>
    <ClInclude Include="include\Castor3D\geometry\mesh\ConicMesh.h">
      <Filter>Header Files\geometry\mesh</Filter>
    </ClInclude>
    <ClInclude Include="include\Castor3D\geometry\mesh\CubicMesh.h">
      <Filter>Header Files\geometry\mesh</Filter>
    </ClInclude>
    <ClInclude Include="include\Castor3D\geometry\mesh\CylindricMesh.h">
      <Filter>Header Files\geometry\mesh</Filter>
    </ClInclude>
    <ClInclude Include="include\Castor3D\geometry\mesh\IcosaedricMesh.h">
      <Filter>Header Files\geometry\mesh</Filter>
    </ClInclude>
    <ClInclude Include="include\Castor3D\geometry\mesh\LoopDivider.h">
      <Filter>Header Files\geometry\mesh</Filter>
    </ClInclude>
    <ClInclude Include="include\Castor3D\geometry\mesh\Mesh.h">
      <Filter>Header Files\geometry\mesh</Filter>
    </ClInclude>
    <ClInclude Include="include\Castor3D\geometry\mesh\MeshManager.h">
      <Filter>Header Files\geometry\mesh</Filter>
    </ClInclude>
    <ClInclude Include="include\Castor3D\geometry\mesh\PlaneMesh.h">
      <Filter>Header Files\geometry\mesh</Filter>
    </ClInclude>
    <ClInclude Include="include\Castor3D\geometry\mesh\PNTrianglesDivider.h">
      <Filter>Header Files\geometry\mesh</Filter>
    </ClInclude>
    <ClInclude Include="include\Castor3D\geometry\mesh\SphericMesh.h">
      <Filter>Header Files\geometry\mesh</Filter>
    </ClInclude>
    <ClInclude Include="include\Castor3D\geometry\mesh\Subdiviser.h">
      <Filter>Header Files\geometry\mesh</Filter>
    </ClInclude>
    <ClInclude Include="include\Castor3D\geometry\mesh\Submesh.h">
      <Filter>Header Files\geometry\mesh</Filter>
    </ClInclude>
    <ClInclude Include="include\Castor3D\geometry\mesh\TorusMesh.h">
      <Filter>Header Files\geometry\mesh</Filter>
    </ClInclude>
    <ClInclude Include="include\Castor3D\geometry\primitives\Geometry.h">
      <Filter>Header Files\geometry\primitives</Filter>
    </ClInclude>
    <ClInclude Include="include\Castor3D\geometry\primitives\MovableObject.h">
      <Filter>Header Files\geometry\primitives</Filter>
    </ClInclude>
    <ClInclude Include="include\Castor3D\light\DirectionalLight.h">
      <Filter>Header Files\light</Filter>
    </ClInclude>
    <ClInclude Include="include\Castor3D\light\Light.h">
      <Filter>Header Files\light</Filter>
    </ClInclude>
    <ClInclude Include="include\Castor3D\light\Module_Light.h">
      <Filter>Header Files\light</Filter>
    </ClInclude>
    <ClInclude Include="include\Castor3D\light\PointLight.h">
      <Filter>Header Files\light</Filter>
    </ClInclude>
    <ClInclude Include="include\Castor3D\light\SpotLight.h">
      <Filter>Header Files\light</Filter>
    </ClInclude>
    <ClInclude Include="include\Castor3D\material\Material.h">
      <Filter>Header Files\material</Filter>
    </ClInclude>
    <ClInclude Include="include\Castor3D\material\MaterialManager.h">
      <Filter>Header Files\material</Filter>
    </ClInclude>
    <ClInclude Include="include\Castor3D\material\Module_Material.h">
      <Filter>Header Files\material</Filter>
    </ClInclude>
    <ClInclude Include="include\Castor3D\material\Pass.h">
      <Filter>Header Files\material</Filter>
    </ClInclude>
    <ClInclude Include="include\Castor3D\material\TextureEnvironment.h">
      <Filter>Header Files\material</Filter>
    </ClInclude>
    <ClInclude Include="include\Castor3D\material\TextureUnit.h">
      <Filter>Header Files\material</Filter>
    </ClInclude>
    <ClInclude Include="include\Castor3D\main\FrameListener.h">
      <Filter>Header Files\main</Filter>
    </ClInclude>
    <ClInclude Include="include\Castor3D\main\Module_Main.h">
      <Filter>Header Files\main</Filter>
    </ClInclude>
    <ClInclude Include="include\Castor3D\main\Plugin.h">
      <Filter>Header Files\main</Filter>
    </ClInclude>
    <ClInclude Include="include\Castor3D\main\RendererServer.h">
      <Filter>Header Files\main</Filter>
    </ClInclude>
    <ClInclude Include="include\Castor3D\main\RenderWindow.h">
      <Filter>Header Files\main</Filter>
    </ClInclude>
    <ClInclude Include="include\Castor3D\main\Root.h">
      <Filter>Header Files\main</Filter>
    </ClInclude>
    <ClInclude Include="include\Castor3D\render_system\Buffer.h">
      <Filter>Header Files\render_system</Filter>
    </ClInclude>
    <ClInclude Include="include\Castor3D\render_system\CameraRenderer.h">
      <Filter>Header Files\render_system</Filter>
    </ClInclude>
    <ClInclude Include="include\Castor3D\render_system\LightRenderer.h">
      <Filter>Header Files\render_system</Filter>
    </ClInclude>
    <ClInclude Include="include\Castor3D\render_system\MaterialRenderer.h">
      <Filter>Header Files\render_system</Filter>
    </ClInclude>
    <ClInclude Include="include\Castor3D\render_system\MeshRenderer.h">
      <Filter>Header Files\render_system</Filter>
    </ClInclude>
    <ClInclude Include="include\Castor3D\render_system\Module_Render.h">
      <Filter>Header Files\render_system</Filter>
    </ClInclude>
    <ClInclude Include="include\Castor3D\render_system\OverlayRenderer.h">
      <Filter>Header Files\render_system</Filter>
    </ClInclude>
    <ClInclude Include="include\Castor3D\render_system\Renderer.h">
      <Filter>Header Files\render_system</Filter>
    </ClInclude>
    <ClInclude Include="include\Castor3D\render_system\RenderSystem.h">
      <Filter>Header Files\render_system</Filter>
    </ClInclude>
    <ClInclude Include="include\Castor3D\render_system\SceneRenderer.h">
      <Filter>Header Files\render_system</Filter>
    </ClInclude>
    <ClInclude Include="include\Castor3D\render_system\WindowRenderer.h">
      <Filter>Header Files\render_system</Filter>
    </ClInclude>
    <ClInclude Include="include\Castor3D\scene\Module_Scene.h">
      <Filter>Header Files\scene</Filter>
    </ClInclude>
    <ClInclude Include="include\Castor3D\scene\Scene.h">
      <Filter>Header Files\scene</Filter>
    </ClInclude>
    <ClInclude Include="include\Castor3D\scene\SceneFileParser.h">
      <Filter>Header Files\scene</Filter>
    </ClInclude>
    <ClInclude Include="include\Castor3D\scene\SceneFileParser_Parsers.h">
      <Filter>Header Files\scene</Filter>
    </ClInclude>
    <ClInclude Include="include\Castor3D\scene\SceneManager.h">
      <Filter>Header Files\scene</Filter>
    </ClInclude>
    <ClInclude Include="include\Castor3D\scene\SceneNode.h">
      <Filter>Header Files\scene</Filter>
    </ClInclude>
    <ClInclude Include="include\Castor3D\animation\AnimatedObject.h">
      <Filter>Header Files\animation</Filter>
    </ClInclude>
    <ClInclude Include="include\Castor3D\animation\AnimatedObjectGroup.h">
      <Filter>Header Files\animation</Filter>
    </ClInclude>
    <ClInclude Include="include\Castor3D\animation\Animation.h">
      <Filter>Header Files\animation</Filter>
    </ClInclude>
    <ClInclude Include="include\Castor3D\animation\AnimationManager.h">
      <Filter>Header Files\animation</Filter>
    </ClInclude>
    <ClInclude Include="include\Castor3D\animation\Interpolation.h">
      <Filter>Header Files\animation</Filter>
    </ClInclude>
    <ClInclude Include="include\Castor3D\animation\KeyFrame.h">
      <Filter>Header Files\animation</Filter>
    </ClInclude>
    <ClInclude Include="include\Castor3D\animation\Module_Animation.h">
      <Filter>Header Files\animation</Filter>
    </ClInclude>
    <ClInclude Include="include\Castor3D\importer\AseImporter.h">
      <Filter>Header Files\importer</Filter>
    </ClInclude>
    <ClInclude Include="include\Castor3D\importer\BspImporter.h">
      <Filter>Header Files\importer</Filter>
    </ClInclude>
    <ClInclude Include="include\Castor3D\importer\ExternalImporter.h">
      <Filter>Header Files\importer</Filter>
    </ClInclude>
    <ClInclude Include="include\Castor3D\importer\GSDImporter.h">
      <Filter>Header Files\importer</Filter>
    </ClInclude>
    <ClInclude Include="include\Castor3D\importer\Md2Importer.h">
      <Filter>Header Files\importer</Filter>
    </ClInclude>
    <ClInclude Include="include\Castor3D\importer\Md3Importer.h">
      <Filter>Header Files\importer</Filter>
    </ClInclude>
    <ClInclude Include="include\Castor3D\importer\Module_Importer.h">
      <Filter>Header Files\importer</Filter>
    </ClInclude>
    <ClInclude Include="include\Castor3D\importer\ObjImporter.h">
      <Filter>Header Files\importer</Filter>
    </ClInclude>
    <ClInclude Include="include\Castor3D\importer\PlyImporter.h">
      <Filter>Header Files\importer</Filter>
    </ClInclude>
    <ClInclude Include="include\Castor3D\importer\SMaxImporter.h">
      <Filter>Header Files\importer</Filter>
    </ClInclude>
    <ClInclude Include="include\Castor3D\shader\Module_Shader.h">
      <Filter>Header Files\shader</Filter>
    </ClInclude>
    <ClInclude Include="include\Castor3D\shader\ShaderManager.h">
      <Filter>Header Files\shader</Filter>
    </ClInclude>
    <ClInclude Include="include\Castor3D\shader\ShaderObject.h">
      <Filter>Header Files\shader</Filter>
    </ClInclude>
    <ClInclude Include="include\Castor3D\shader\ShaderProgram.h">
      <Filter>Header Files\shader</Filter>
    </ClInclude>
    <ClInclude Include="include\Castor3D\shader\UniformVariable.h">
      <Filter>Header Files\shader</Filter>
    </ClInclude>
    <ClInclude Include="include\Castor3D\render_engine\Module_RenderEngine.h">
      <Filter>Header Files\render_engine</Filter>
    </ClInclude>
    <ClInclude Include="include\Castor3D\render_engine\RenderEngine.h">
      <Filter>Header Files\render_engine</Filter>
    </ClInclude>
    <ClInclude Include="include\Castor3D\overlay\Overlay.h">
      <Filter>Header Files\overlay</Filter>
    </ClInclude>
    <ClInclude Include="include\Castor3D\overlay\OverlayManager.h">
      <Filter>Header Files\overlay</Filter>
    </ClInclude>
    <ClInclude Include="resource.h">
      <Filter>Resource Files</Filter>
    </ClInclude>
  </ItemGroup>
  <ItemGroup>
    <ResourceCompile Include="Castor3D.rc">
      <Filter>Resource Files</Filter>
    </ResourceCompile>
  </ItemGroup>
</Project>