<?xml version="1.0" encoding="utf-8"?>
<Project ToolsVersion="4.0" xmlns="http://schemas.microsoft.com/developer/msbuild/2003">
  <ItemGroup>
    <Filter Include="Source Files">
      <UniqueIdentifier>{2c81cd4d-83e6-4878-a6ed-635ba30b41dd}</UniqueIdentifier>
      <Extensions>cpp;c;cxx;rc;def;r;odl;idl;hpj;bat</Extensions>
    </Filter>
    <Filter Include="Header Files">
      <UniqueIdentifier>{8524d538-b12c-46e4-8d7c-15211ad532ce}</UniqueIdentifier>
      <Extensions>h;hpp;hxx;hm;inl</Extensions>
    </Filter>
    <Filter Include="Resource Files">
      <UniqueIdentifier>{a6d08f12-3ab3-4d75-acf9-43c7a76fefb9}</UniqueIdentifier>
      <Extensions>ico;cur;bmp;dlg;rc2;rct;bin;rgs;gif;jpg;jpeg;jpe</Extensions>
    </Filter>
  </ItemGroup>
  <ItemGroup>
    <ClCompile Include="Geometrie\Bases\Arcs.cpp">
      <Filter>Source Files</Filter>
    </ClCompile>
    <ClCompile Include="CastorShape.cpp">
      <Filter>Source Files</Filter>
    </ClCompile>
    <ClCompile Include="Math\CMatrice.cpp">
      <Filter>Source Files</Filter>
    </ClCompile>
    <ClCompile Include="Geometrie\Primitive\Cone.cpp">
      <Filter>Source Files</Filter>
    </ClCompile>
    <ClCompile Include="Geometrie\Primitive\Cylindre.cpp">
      <Filter>Source Files</Filter>
    </ClCompile>
    <ClCompile Include="Geometrie\Bases\Face.cpp">
      <Filter>Source Files</Filter>
    </ClCompile>
    <ClCompile Include="Geometrie\Primitive\Figure.cpp">
      <Filter>Source Files</Filter>
    </ClCompile>
    <ClCompile Include="src\Global.cpp">
      <Filter>Source Files</Filter>
    </ClCompile>
    <ClCompile Include="Geometrie\Primitive\Icosaedre.cpp">
      <Filter>Source Files</Filter>
    </ClCompile>
    <ClCompile Include="Geometrie\Primitive\Pave.cpp">
      <Filter>Source Files</Filter>
    </ClCompile>
    <ClCompile Include="Geometrie\Primitive\Plan.cpp">
      <Filter>Source Files</Filter>
    </ClCompile>
    <ClCompile Include="Geometrie\Primitive\Sphere.cpp">
      <Filter>Source Files</Filter>
    </ClCompile>
    <ClCompile Include="Geometrie\Primitive\Terrain.cpp">
      <Filter>Source Files</Filter>
    </ClCompile>
    <ClCompile Include="Math\Vecteur.cpp">
      <Filter>Source Files</Filter>
    </ClCompile>
    <ClCompile Include="Math\Vertex.cpp">
      <Filter>Source Files</Filter>
    </ClCompile>
  </ItemGroup>
  <ItemGroup>
    <ClInclude Include="Geometrie\Bases\Arcs.h">
      <Filter>Header Files</Filter>
    </ClInclude>
    <ClInclude Include="Math\CMatrice.h">
      <Filter>Header Files</Filter>
    </ClInclude>
    <ClInclude Include="Geometrie\Primitive\Cone.h">
      <Filter>Header Files</Filter>
    </ClInclude>
    <ClInclude Include="Geometrie\Bases\Constantes.h">
      <Filter>Header Files</Filter>
    </ClInclude>
    <ClInclude Include="Geometrie\Primitive\Cylindre.h">
      <Filter>Header Files</Filter>
    </ClInclude>
    <ClInclude Include="Geometrie\Bases\Face.h">
      <Filter>Header Files</Filter>
    </ClInclude>
    <ClInclude Include="Geometrie\Primitive\Figure.h">
      <Filter>Header Files</Filter>
    </ClInclude>
    <ClInclude Include="src\Global.h">
      <Filter>Header Files</Filter>
    </ClInclude>
    <ClInclude Include="Geometrie\Primitive\Icosaedre.h">
      <Filter>Header Files</Filter>
    </ClInclude>
    <ClInclude Include="Math\Math.h">
      <Filter>Header Files</Filter>
    </ClInclude>
    <ClInclude Include="Geometrie\Primitive\Pave.h">
      <Filter>Header Files</Filter>
    </ClInclude>
    <ClInclude Include="Geometrie\Primitive\Plan.h">
      <Filter>Header Files</Filter>
    </ClInclude>
    <ClInclude Include="resource.h">
      <Filter>Header Files</Filter>
    </ClInclude>
    <ClInclude Include="Geometrie\Primitive\Sphere.h">
      <Filter>Header Files</Filter>
    </ClInclude>
    <ClInclude Include="Geometrie\Primitive\Terrain.h">
      <Filter>Header Files</Filter>
    </ClInclude>
    <ClInclude Include="Math\Vecteur.h">
      <Filter>Header Files</Filter>
    </ClInclude>
    <ClInclude Include="Math\Vertex.h">
      <Filter>Header Files</Filter>
    </ClInclude>
  </ItemGroup>
  <ItemGroup>
    <Image Include="icon.ico">
      <Filter>Resource Files</Filter>
    </Image>
    <Image Include="icon2.ico">
      <Filter>Resource Files</Filter>
    </Image>
  </ItemGroup>
  <ItemGroup>
    <ResourceCompile Include="ressource.rc">
      <Filter>Resource Files</Filter>
    </ResourceCompile>
  </ItemGroup>
</Project>