<?xml version="1.0" encoding="utf-8"?>
<Project ToolsVersion="4.0" xmlns="http://schemas.microsoft.com/developer/msbuild/2003">
  <ItemGroup>
    <Filter Include="Source Files">
      <UniqueIdentifier>{4FC737F1-C7A5-4376-A066-2A32D752A2FF}</UniqueIdentifier>
      <Extensions>cpp;c;cc;cxx;def;odl;idl;hpj;bat;asm;asmx</Extensions>
    </Filter>
    <Filter Include="Source Files\geometry">
      <UniqueIdentifier>{dbeea2e2-77b6-4216-9ba0-86f55827f761}</UniqueIdentifier>
    </Filter>
    <Filter Include="Source Files\material">
      <UniqueIdentifier>{dbda4cbd-679a-4284-8b13-b5ba0adb7701}</UniqueIdentifier>
    </Filter>
    <Filter Include="Source Files\camera">
      <UniqueIdentifier>{a6d2ba27-a8c7-454c-a9a6-96fbff40d99a}</UniqueIdentifier>
    </Filter>
    <Filter Include="Source Files\shader">
      <UniqueIdentifier>{eda07949-aa94-4196-bdda-bd444b38d3c4}</UniqueIdentifier>
    </Filter>
    <Filter Include="Source Files\main">
      <UniqueIdentifier>{ae9858ac-7511-4c6a-b947-b21d3c521ce1}</UniqueIdentifier>
    </Filter>
    <Filter Include="Source Files\light">
      <UniqueIdentifier>{a44e9d5b-2661-4eda-8df5-d0e71ea7e7f5}</UniqueIdentifier>
    </Filter>
    <Filter Include="Header Files">
      <UniqueIdentifier>{93995380-89BD-4b04-88EB-625FBE52EBFB}</UniqueIdentifier>
      <Extensions>h;hpp;hxx;hm;inl;inc;xsd</Extensions>
    </Filter>
    <Filter Include="Header Files\geometry">
      <UniqueIdentifier>{4bdc9b88-7416-40db-a972-bdab68b5054d}</UniqueIdentifier>
    </Filter>
    <Filter Include="Header Files\material">
      <UniqueIdentifier>{51487957-9d94-4658-9666-839f31d0e368}</UniqueIdentifier>
    </Filter>
    <Filter Include="Header Files\light">
      <UniqueIdentifier>{d0d74a5d-9096-4519-bba1-3f0494171a67}</UniqueIdentifier>
    </Filter>
    <Filter Include="Header Files\camera">
      <UniqueIdentifier>{ce5ba307-6c2e-4e5c-b9a9-bdd16eb5ecef}</UniqueIdentifier>
    </Filter>
    <Filter Include="Header Files\shader">
      <UniqueIdentifier>{babd44ae-d850-4704-a7b6-e462686fd414}</UniqueIdentifier>
    </Filter>
    <Filter Include="Header Files\main">
      <UniqueIdentifier>{174cdfad-3bfa-4227-9ea3-2ee6a08c46fd}</UniqueIdentifier>
    </Filter>
    <Filter Include="Resource Files">
      <UniqueIdentifier>{67DA6AB6-F800-4c08-8B7A-83BB121AAD01}</UniqueIdentifier>
      <Extensions>rc;ico;cur;bmp;dlg;rc2;rct;bin;rgs;gif;jpg;jpeg;jpe;resx;tiff;tif;png;wav</Extensions>
    </Filter>
  </ItemGroup>
  <ItemGroup>
    <ClCompile Include="src\GLRenderSystem\GLOverlayRenderer.cpp">
      <Filter>Source Files</Filter>
    </ClCompile>
    <ClCompile Include="src\GLRenderSystem\PrecompiledHeader.cpp">
      <Filter>Source Files</Filter>
    </ClCompile>
    <ClCompile Include="src\GLRenderSystem\GLSubmeshRenderer.cpp">
      <Filter>Source Files\geometry</Filter>
    </ClCompile>
    <ClCompile Include="src\GLRenderSystem\GLMaterialRenderer.cpp">
      <Filter>Source Files\material</Filter>
    </ClCompile>
    <ClCompile Include="src\GLRenderSystem\GLTexEnvironmentRenderer.cpp">
      <Filter>Source Files\material</Filter>
    </ClCompile>
    <ClCompile Include="src\GLRenderSystem\GLTextureRenderer.cpp">
      <Filter>Source Files\material</Filter>
    </ClCompile>
    <ClCompile Include="src\GLRenderSystem\GLCameraRenderer.cpp">
      <Filter>Source Files\camera</Filter>
    </ClCompile>
    <ClCompile Include="src\GLRenderSystem\GLSLObject.cpp">
      <Filter>Source Files\shader</Filter>
    </ClCompile>
    <ClCompile Include="src\GLRenderSystem\GLSLProgram.cpp">
      <Filter>Source Files\shader</Filter>
    </ClCompile>
    <ClCompile Include="src\GLRenderSystem\GLUniformVariable.cpp">
      <Filter>Source Files\shader</Filter>
    </ClCompile>
    <ClCompile Include="src\GLRenderSystem\GLBuffer.cpp">
      <Filter>Source Files\main</Filter>
    </ClCompile>
    <ClCompile Include="src\GLRenderSystem\GLContext.cpp">
      <Filter>Source Files\main</Filter>
    </ClCompile>
    <ClCompile Include="src\GLRenderSystem\GLPlugin.cpp">
      <Filter>Source Files\main</Filter>
    </ClCompile>
    <ClCompile Include="src\GLRenderSystem\GLRenderSystem.cpp">
      <Filter>Source Files\main</Filter>
    </ClCompile>
    <ClCompile Include="src\GLRenderSystem\GLSceneNodeRenderer.cpp">
      <Filter>Source Files\main</Filter>
    </ClCompile>
    <ClCompile Include="src\GLRenderSystem\GLWindowRenderer.cpp">
      <Filter>Source Files\main</Filter>
    </ClCompile>
    <ClCompile Include="src\GLRenderSystem\GLLightRenderer.cpp">
      <Filter>Source Files\light</Filter>
    </ClCompile>
  </ItemGroup>
  <ItemGroup>
    <ClInclude Include="include\GLRenderSystem\GLOverlayRenderer.h">
      <Filter>Header Files</Filter>
    </ClInclude>
    <ClInclude Include="include\GLRenderSystem\Module_GL.h">
      <Filter>Header Files</Filter>
    </ClInclude>
    <ClInclude Include="include\GLRenderSystem\Module_GLRender.h">
      <Filter>Header Files</Filter>
    </ClInclude>
    <ClInclude Include="src\GLRenderSystem\PrecompiledHeader.h">
      <Filter>Header Files</Filter>
    </ClInclude>
    <ClInclude Include="include\GLRenderSystem\GLSubmeshRenderer.h">
      <Filter>Header Files\geometry</Filter>
    </ClInclude>
    <ClInclude Include="include\GLRenderSystem\GLMaterialRenderer.h">
      <Filter>Header Files\material</Filter>
    </ClInclude>
    <ClInclude Include="include\GLRenderSystem\GLTexEnvironmentRenderer.h">
      <Filter>Header Files\material</Filter>
    </ClInclude>
    <ClInclude Include="include\GLRenderSystem\GLTextureRenderer.h">
      <Filter>Header Files\material</Filter>
    </ClInclude>
    <ClInclude Include="include\GLRenderSystem\GLLightRenderer.h">
      <Filter>Header Files\light</Filter>
    </ClInclude>
    <ClInclude Include="include\GLRenderSystem\GLCameraRenderer.h">
      <Filter>Header Files\camera</Filter>
    </ClInclude>
    <ClInclude Include="include\GLRenderSystem\GLSLObject.h">
      <Filter>Header Files\shader</Filter>
    </ClInclude>
    <ClInclude Include="include\GLRenderSystem\GLSLProgram.h">
      <Filter>Header Files\shader</Filter>
    </ClInclude>
    <ClInclude Include="include\GLRenderSystem\GLUniformVariable.h">
      <Filter>Header Files\shader</Filter>
    </ClInclude>
    <ClInclude Include="include\GLRenderSystem\Module_GLSL.h">
      <Filter>Header Files\shader</Filter>
    </ClInclude>
    <ClInclude Include="include\GLRenderSystem\ShadersCode.h">
      <Filter>Header Files\shader</Filter>
    </ClInclude>
    <ClInclude Include="include\GLRenderSystem\GLBuffer.h">
      <Filter>Header Files\main</Filter>
    </ClInclude>
    <ClInclude Include="include\GLRenderSystem\GLContext.h">
      <Filter>Header Files\main</Filter>
    </ClInclude>
    <ClInclude Include="include\GLRenderSystem\GLPlugin.h">
      <Filter>Header Files\main</Filter>
    </ClInclude>
    <ClInclude Include="include\GLRenderSystem\GLRenderSystem.h">
      <Filter>Header Files\main</Filter>
    </ClInclude>
    <ClInclude Include="include\GLRenderSystem\GLSceneNodeRenderer.h">
      <Filter>Header Files\main</Filter>
    </ClInclude>
    <ClInclude Include="include\GLRenderSystem\GLWindowRenderer.h">
      <Filter>Header Files\main</Filter>
    </ClInclude>
    <ClInclude Include="resource.h">
      <Filter>Resource Files</Filter>
    </ClInclude>
  </ItemGroup>
  <ItemGroup>
    <ResourceCompile Include="GLRenderSystem.rc">
      <Filter>Resource Files</Filter>
    </ResourceCompile>
  </ItemGroup>
</Project>