<?xml version="1.0" encoding="utf-8"?>
<Project ToolsVersion="4.0" xmlns="http://schemas.microsoft.com/developer/msbuild/2003">
  <ItemGroup>
    <Filter Include="Source Files">
      <UniqueIdentifier>{4FC737F1-C7A5-4376-A066-2A32D752A2FF}</UniqueIdentifier>
      <Extensions>cpp;c;cc;cxx;def;odl;idl;hpj;bat;asm;asmx</Extensions>
    </Filter>
    <Filter Include="Source Files\Utils">
      <UniqueIdentifier>{12060099-f4ff-4ea2-945e-67673a998a4d}</UniqueIdentifier>
    </Filter>
    <Filter Include="Source Files\Resource">
      <UniqueIdentifier>{25375664-c485-43ee-afe9-602087a42709}</UniqueIdentifier>
    </Filter>
    <Filter Include="Source Files\MultiThreading">
      <UniqueIdentifier>{dee45908-7390-47aa-91f7-794813d5e5ed}</UniqueIdentifier>
    </Filter>
    <Filter Include="Source Files\General">
      <UniqueIdentifier>{62a99bd6-4aef-4f08-90f9-7b47739cf066}</UniqueIdentifier>
    </Filter>
    <Filter Include="Source Files\Math">
      <UniqueIdentifier>{bab4e83c-1f6b-400a-af3b-a0e41a70742e}</UniqueIdentifier>
    </Filter>
    <Filter Include="Header Files">
      <UniqueIdentifier>{93995380-89BD-4b04-88EB-625FBE52EBFB}</UniqueIdentifier>
      <Extensions>h;hpp;hxx;hm;inl;inc;xsd</Extensions>
    </Filter>
    <Filter Include="Header Files\Templates">
      <UniqueIdentifier>{caf39f83-0eca-48db-be9f-e08f249c159a}</UniqueIdentifier>
    </Filter>
    <Filter Include="Header Files\Theory">
      <UniqueIdentifier>{256afdb5-d1da-4837-8558-2a91f0b3a315}</UniqueIdentifier>
    </Filter>
    <Filter Include="Header Files\Utils">
      <UniqueIdentifier>{299d2af1-10ab-44ef-bfe6-7791c003b420}</UniqueIdentifier>
    </Filter>
    <Filter Include="Header Files\General">
      <UniqueIdentifier>{68716abe-5cbd-4209-9cfb-6f5b9970df21}</UniqueIdentifier>
    </Filter>
    <Filter Include="Header Files\MultiThreading">
      <UniqueIdentifier>{7e55e262-c662-4f4f-83cf-949e577b1f90}</UniqueIdentifier>
    </Filter>
    <Filter Include="Header Files\Resource">
      <UniqueIdentifier>{6336e347-a3b6-49a4-a613-e3e4ab11beba}</UniqueIdentifier>
    </Filter>
    <Filter Include="Header Files\Math">
      <UniqueIdentifier>{3ba46337-79ec-4417-a6bf-f18303c504e8}</UniqueIdentifier>
    </Filter>
    <Filter Include="Resource Files">
      <UniqueIdentifier>{67DA6AB6-F800-4c08-8B7A-83BB121AAD01}</UniqueIdentifier>
      <Extensions>rc;ico;cur;bmp;dlg;rc2;rct;bin;rgs;gif;jpg;jpeg;jpe;resx;tiff;tif;png;wav</Extensions>
    </Filter>
  </ItemGroup>
  <ItemGroup>
    <ClCompile Include="src\CastorUtils\CastorString.cpp">
      <Filter>Source Files\Utils</Filter>
    </ClCompile>
    <ClCompile Include="src\CastorUtils\DynamicLibrary.cpp">
      <Filter>Source Files\Utils</Filter>
    </ClCompile>
    <ClCompile Include="src\CastorUtils\File.cpp">
      <Filter>Source Files\Utils</Filter>
    </ClCompile>
    <ClCompile Include="src\CastorUtils\PreciseTimer.cpp">
      <Filter>Source Files\Utils</Filter>
    </ClCompile>
    <ClCompile Include="src\CastorUtils\StringConverter.cpp">
      <Filter>Source Files\Utils</Filter>
    </ClCompile>
    <ClCompile Include="src\CastorUtils\Image.cpp">
      <Filter>Source Files\Resource</Filter>
    </ClCompile>
    <ClCompile Include="src\CastorUtils\Matroska.cpp">
      <Filter>Source Files\Resource</Filter>
    </ClCompile>
    <ClCompile Include="src\CastorUtils\PixelFormat.cpp">
      <Filter>Source Files\Resource</Filter>
    </ClCompile>
    <ClCompile Include="src\CastorUtils\Mutex.cpp">
      <Filter>Source Files\MultiThreading</Filter>
    </ClCompile>
    <ClCompile Include="src\CastorUtils\MutexManager.cpp">
      <Filter>Source Files\MultiThreading</Filter>
    </ClCompile>
    <ClCompile Include="src\CastorUtils\Memory.cpp">
      <Filter>Source Files\General</Filter>
    </ClCompile>
    <ClCompile Include="src\CastorUtils\Memory_Impl.cpp">
      <Filter>Source Files\General</Filter>
    </ClCompile>
    <ClCompile Include="src\CastorUtils\Colour.cpp">
      <Filter>Source Files\Math</Filter>
    </ClCompile>
    <ClCompile Include="src\CastorUtils\Quaternion.cpp">
      <Filter>Source Files\Math</Filter>
    </ClCompile>
    <ClCompile Include="src\CastorUtils\RotationMatrix.cpp">
      <Filter>Source Files\Math</Filter>
    </ClCompile>
    <ClCompile Include="src\CastorUtils\Vector3f.cpp">
      <Filter>Source Files\Math</Filter>
    </ClCompile>
    <ClCompile Include="src\CastorUtils\VertexSpherical.cpp">
      <Filter>Source Files\Math</Filter>
    </ClCompile>
  </ItemGroup>
  <ItemGroup>
    <ClInclude Include="include\CastorUtils\Module_Utils.h">
      <Filter>Header Files</Filter>
    </ClInclude>
    <ClInclude Include="include\CastorUtils\Manager.h">
      <Filter>Header Files\Templates</Filter>
    </ClInclude>
    <ClInclude Include="include\CastorUtils\SlottedObjectPool.h">
      <Filter>Header Files\Templates</Filter>
    </ClInclude>
    <ClInclude Include="include\CastorUtils\AutoSingleton.h">
      <Filter>Header Files\Theory</Filter>
    </ClInclude>
    <ClInclude Include="include\CastorUtils\Named.h">
      <Filter>Header Files\Theory</Filter>
    </ClInclude>
    <ClInclude Include="include\CastorUtils\NonCopyable.h">
      <Filter>Header Files\Theory</Filter>
    </ClInclude>
    <ClInclude Include="include\CastorUtils\Singleton.h">
      <Filter>Header Files\Theory</Filter>
    </ClInclude>
    <ClInclude Include="include\CastorUtils\CastorString.h">
      <Filter>Header Files\Utils</Filter>
    </ClInclude>
    <ClInclude Include="include\CastorUtils\DynamicLibrary.h">
      <Filter>Header Files\Utils</Filter>
    </ClInclude>
    <ClInclude Include="include\CastorUtils\Exception.h">
      <Filter>Header Files\Utils</Filter>
    </ClInclude>
    <ClInclude Include="include\CastorUtils\File.h">
      <Filter>Header Files\Utils</Filter>
    </ClInclude>
    <ClInclude Include="include\CastorUtils\Path.h">
      <Filter>Header Files\Utils</Filter>
    </ClInclude>
    <ClInclude Include="include\CastorUtils\STLMacros.h">
      <Filter>Header Files\Utils</Filter>
    </ClInclude>
    <ClInclude Include="include\CastorUtils\STLMapMacros.h">
      <Filter>Header Files\Utils</Filter>
    </ClInclude>
    <ClInclude Include="include\CastorUtils\STLSetMacros.h">
      <Filter>Header Files\Utils</Filter>
    </ClInclude>
    <ClInclude Include="include\CastorUtils\StringConverter.h">
      <Filter>Header Files\Utils</Filter>
    </ClInclude>
    <ClInclude Include="include\CastorUtils\Utils.h">
      <Filter>Header Files\Utils</Filter>
    </ClInclude>
    <ClInclude Include="include\CastorUtils\Macros.h">
      <Filter>Header Files\General</Filter>
    </ClInclude>
    <ClInclude Include="include\CastorUtils\Memory.h">
      <Filter>Header Files\General</Filter>
    </ClInclude>
    <ClInclude Include="include\CastorUtils\Memory_Impl.h">
      <Filter>Header Files\General</Filter>
    </ClInclude>
    <ClInclude Include="include\CastorUtils\MultiThreadConfig.h">
      <Filter>Header Files\MultiThreading</Filter>
    </ClInclude>
    <ClInclude Include="include\CastorUtils\Mutex.h">
      <Filter>Header Files\MultiThreading</Filter>
    </ClInclude>
    <ClInclude Include="include\CastorUtils\MutexManager.h">
      <Filter>Header Files\MultiThreading</Filter>
    </ClInclude>
    <ClInclude Include="include\CastorUtils\Thread.h">
      <Filter>Header Files\MultiThreading</Filter>
    </ClInclude>
    <ClInclude Include="include\CastorUtils\ThreadSpecific.h">
      <Filter>Header Files\MultiThreading</Filter>
    </ClInclude>
    <ClInclude Include="include\CastorUtils\Buffer.h">
      <Filter>Header Files\Resource</Filter>
    </ClInclude>
    <ClInclude Include="include\CastorUtils\Image.h">
      <Filter>Header Files\Resource</Filter>
    </ClInclude>
    <ClInclude Include="include\CastorUtils\Matroska.h">
      <Filter>Header Files\Resource</Filter>
    </ClInclude>
    <ClInclude Include="include\CastorUtils\Module_Image.h">
      <Filter>Header Files\Resource</Filter>
    </ClInclude>
    <ClInclude Include="include\CastorUtils\PixelFormat.h">
      <Filter>Header Files\Resource</Filter>
    </ClInclude>
    <ClInclude Include="include\CastorUtils\Resource.h">
      <Filter>Header Files\Resource</Filter>
    </ClInclude>
    <ClInclude Include="include\CastorUtils\ResourceLoader.h">
      <Filter>Header Files\Resource</Filter>
    </ClInclude>
    <ClInclude Include="include\CastorUtils\Colour.h">
      <Filter>Header Files\Math</Filter>
    </ClInclude>
    <ClInclude Include="include\CastorUtils\Container.h">
      <Filter>Header Files\Math</Filter>
    </ClInclude>
    <ClInclude Include="include\CastorUtils\Line.h">
      <Filter>Header Files\Math</Filter>
    </ClInclude>
    <ClInclude Include="include\CastorUtils\Matrix.h">
      <Filter>Header Files\Math</Filter>
    </ClInclude>
    <ClInclude Include="include\CastorUtils\MinMax.h">
      <Filter>Header Files\Math</Filter>
    </ClInclude>
    <ClInclude Include="include\CastorUtils\Plane.h">
      <Filter>Header Files\Math</Filter>
    </ClInclude>
    <ClInclude Include="include\CastorUtils\Point.h">
      <Filter>Header Files\Math</Filter>
    </ClInclude>
    <ClInclude Include="include\CastorUtils\PreciseTimer.h">
      <Filter>Header Files\Math</Filter>
    </ClInclude>
    <ClInclude Include="include\CastorUtils\Quaternion.h">
      <Filter>Header Files\Math</Filter>
    </ClInclude>
    <ClInclude Include="include\CastorUtils\RotationMatrix.h">
      <Filter>Header Files\Math</Filter>
    </ClInclude>
    <ClInclude Include="include\CastorUtils\Vector3f.h">
      <Filter>Header Files\Math</Filter>
    </ClInclude>
    <ClInclude Include="include\CastorUtils\VertexSpherical.h">
      <Filter>Header Files\Math</Filter>
    </ClInclude>
    <ClInclude Include="resource.h">
      <Filter>Resource Files</Filter>
    </ClInclude>
  </ItemGroup>
  <ItemGroup>
    <ResourceCompile Include="CastorUtils.rc">
      <Filter>Resource Files</Filter>
    </ResourceCompile>
  </ItemGroup>
</Project>