<?xml version="1.0" encoding="utf-8"?>
<Project ToolsVersion="4.0" xmlns="http://schemas.microsoft.com/developer/msbuild/2003">
  <ItemGroup>
    <Filter Include="Source Files">
      <UniqueIdentifier>{4FC737F1-C7A5-4376-A066-2A32D752A2FF}</UniqueIdentifier>
      <Extensions>cpp;c;cc;cxx;def;odl;idl;hpj;bat;asm;asmx</Extensions>
    </Filter>
    <Filter Include="Source Files\main">
      <UniqueIdentifier>{2eb111f0-b706-438c-a481-888bf7ef1aaa}</UniqueIdentifier>
    </Filter>
    <Filter Include="Source Files\geometry">
      <UniqueIdentifier>{17186d7a-6fef-4b22-9381-2f8d9569c44c}</UniqueIdentifier>
    </Filter>
    <Filter Include="Source Files\material">
      <UniqueIdentifier>{588c3c9b-4590-40d8-97b1-16f8da43d052}</UniqueIdentifier>
    </Filter>
    <Filter Include="Source Files\glsl">
      <UniqueIdentifier>{3aefeaa9-8ef1-4639-bcb2-2b2b6d8066f6}</UniqueIdentifier>
    </Filter>
    <Filter Include="Header Files">
      <UniqueIdentifier>{93995380-89BD-4b04-88EB-625FBE52EBFB}</UniqueIdentifier>
      <Extensions>h;hpp;hxx;hm;inl;inc;xsd</Extensions>
    </Filter>
    <Filter Include="Header Files\main">
      <UniqueIdentifier>{284db510-a97b-486f-b96f-bf1c6e71e25d}</UniqueIdentifier>
    </Filter>
    <Filter Include="Header Files\geometry">
      <UniqueIdentifier>{6496211b-e40b-4c48-bd2d-46e14272de9b}</UniqueIdentifier>
    </Filter>
    <Filter Include="Header Files\material">
      <UniqueIdentifier>{ff209ad3-27a2-421d-bbb0-43ba3ee10b6a}</UniqueIdentifier>
    </Filter>
    <Filter Include="Header Files\glsl">
      <UniqueIdentifier>{5dde01cd-aaee-4d7e-9fd9-0a2819631cde}</UniqueIdentifier>
    </Filter>
    <Filter Include="Resource Files">
      <UniqueIdentifier>{67DA6AB6-F800-4c08-8B7A-83BB121AAD01}</UniqueIdentifier>
      <Extensions>rc;ico;cur;bmp;dlg;rc2;rct;bin;rgs;gif;jpg;jpeg;jpe;resx;tiff;tif;png;wav</Extensions>
    </Filter>
  </ItemGroup>
  <ItemGroup>
    <ClCompile Include="src\CastorShape\precompiled_headers\PrecompiledHeaders.cpp">
      <Filter>Source Files</Filter>
    </ClCompile>
    <ClCompile Include="src\CastorShape\main\CastorShape.cpp">
      <Filter>Source Files\main</Filter>
    </ClCompile>
    <ClCompile Include="src\CastorShape\main\FrameListener.cpp">
      <Filter>Source Files\main</Filter>
    </ClCompile>
    <ClCompile Include="src\CastorShape\main\MainFrame.cpp">
      <Filter>Source Files\main</Filter>
    </ClCompile>
    <ClCompile Include="src\CastorShape\main\RenderPanel.cpp">
      <Filter>Source Files\main</Filter>
    </ClCompile>
    <ClCompile Include="src\CastorShape\geometry\GeometriesListFrame.cpp">
      <Filter>Source Files\geometry</Filter>
    </ClCompile>
    <ClCompile Include="src\CastorShape\geometry\NewConeDialog.cpp">
      <Filter>Source Files\geometry</Filter>
    </ClCompile>
    <ClCompile Include="src\CastorShape\geometry\NewCubeDialog.cpp">
      <Filter>Source Files\geometry</Filter>
    </ClCompile>
    <ClCompile Include="src\CastorShape\geometry\NewCylinderDialog.cpp">
      <Filter>Source Files\geometry</Filter>
    </ClCompile>
    <ClCompile Include="src\CastorShape\geometry\NewGeometryDialog.cpp">
      <Filter>Source Files\geometry</Filter>
    </ClCompile>
    <ClCompile Include="src\CastorShape\geometry\NewIcosaedronDialog.cpp">
      <Filter>Source Files\geometry</Filter>
    </ClCompile>
    <ClCompile Include="src\CastorShape\geometry\NewPlaneDialog.cpp">
      <Filter>Source Files\geometry</Filter>
    </ClCompile>
    <ClCompile Include="src\CastorShape\geometry\NewSphereDialog.cpp">
      <Filter>Source Files\geometry</Filter>
    </ClCompile>
    <ClCompile Include="src\CastorShape\geometry\NewTorusDialog.cpp">
      <Filter>Source Files\geometry</Filter>
    </ClCompile>
    <ClCompile Include="src\CastorShape\material\EnvironmentFrame.cpp">
      <Filter>Source Files\material</Filter>
    </ClCompile>
    <ClCompile Include="src\CastorShape\material\MaterialPanel.cpp">
      <Filter>Source Files\material</Filter>
    </ClCompile>
    <ClCompile Include="src\CastorShape\material\MaterialsFrame.cpp">
      <Filter>Source Files\material</Filter>
    </ClCompile>
    <ClCompile Include="src\CastorShape\material\MaterialsListView.cpp">
      <Filter>Source Files\material</Filter>
    </ClCompile>
    <ClCompile Include="src\CastorShape\material\NewMaterialDialog.cpp">
      <Filter>Source Files\material</Filter>
    </ClCompile>
    <ClCompile Include="src\CastorShape\material\PassPanel.cpp">
      <Filter>Source Files\material</Filter>
    </ClCompile>
    <ClCompile Include="src\CastorShape\glsl\ScriptBlock.cpp">
      <Filter>Source Files\glsl</Filter>
    </ClCompile>
    <ClCompile Include="src\CastorShape\glsl\scriptcompiler.cpp">
      <Filter>Source Files\glsl</Filter>
    </ClCompile>
    <ClCompile Include="src\CastorShape\glsl\ScriptCompiler_Compile.cpp">
      <Filter>Source Files\glsl</Filter>
    </ClCompile>
    <ClCompile Include="src\CastorShape\glsl\ScriptEngine.cpp">
      <Filter>Source Files\glsl</Filter>
    </ClCompile>
    <ClCompile Include="src\CastorShape\glsl\ScriptFunctions.cpp">
      <Filter>Source Files\glsl</Filter>
    </ClCompile>
    <ClCompile Include="src\CastorShape\glsl\ScriptFunctions_Gen_Ope.cpp">
      <Filter>Source Files\glsl</Filter>
    </ClCompile>
    <ClCompile Include="src\CastorShape\glsl\ScriptNode.cpp">
      <Filter>Source Files\glsl</Filter>
    </ClCompile>
    <ClCompile Include="src\CastorShape\material\ShaderDialog.cpp">
      <Filter>Source Files\glsl</Filter>
    </ClCompile>
    <ClCompile Include="src\CastorShape\glsl\Structure.cpp">
      <Filter>Source Files\glsl</Filter>
    </ClCompile>
    <ClCompile Include="src\CastorShape\glsl\TextCtrl.cpp">
      <Filter>Source Files\glsl</Filter>
    </ClCompile>
    <ClCompile Include="src\CastorShape\glsl\TextLinesCtrl.cpp">
      <Filter>Source Files\glsl</Filter>
    </ClCompile>
    <ClCompile Include="src\CastorShape\glsl\TextPanel.cpp">
      <Filter>Source Files\glsl</Filter>
    </ClCompile>
    <ClCompile Include="src\CastorShape\glsl\UniformVariableDialog.cpp">
      <Filter>Source Files\glsl</Filter>
    </ClCompile>
    <ClCompile Include="src\CastorShape\glsl\VariableType.cpp">
      <Filter>Source Files\glsl</Filter>
    </ClCompile>
  </ItemGroup>
  <ItemGroup>
    <ClInclude Include="src\CastorShape\precompiled_headers\PrecompiledHeaders.h">
      <Filter>Header Files</Filter>
    </ClInclude>
    <ClInclude Include="include\CastorShape\main\CastorShape.h">
      <Filter>Header Files\main</Filter>
    </ClInclude>
    <ClInclude Include="include\CastorShape\main\FrameListener.h">
      <Filter>Header Files\main</Filter>
    </ClInclude>
    <ClInclude Include="include\CastorShape\main\MainFrame.h">
      <Filter>Header Files\main</Filter>
    </ClInclude>
    <ClInclude Include="include\CastorShape\main\Module_GUI.h">
      <Filter>Header Files\main</Filter>
    </ClInclude>
    <ClInclude Include="include\CastorShape\main\RenderPanel.h">
      <Filter>Header Files\main</Filter>
    </ClInclude>
    <ClInclude Include="include\CastorShape\geometry\GeometriesListFrame.h">
      <Filter>Header Files\geometry</Filter>
    </ClInclude>
    <ClInclude Include="include\CastorShape\geometry\Module_Geometry.h">
      <Filter>Header Files\geometry</Filter>
    </ClInclude>
    <ClInclude Include="include\CastorShape\geometry\NewConeDialog.h">
      <Filter>Header Files\geometry</Filter>
    </ClInclude>
    <ClInclude Include="include\CastorShape\geometry\NewCubeDialog.h">
      <Filter>Header Files\geometry</Filter>
    </ClInclude>
    <ClInclude Include="include\CastorShape\geometry\NewCylinderDialog.h">
      <Filter>Header Files\geometry</Filter>
    </ClInclude>
    <ClInclude Include="include\CastorShape\geometry\NewGeometryDialog.h">
      <Filter>Header Files\geometry</Filter>
    </ClInclude>
    <ClInclude Include="include\CastorShape\geometry\NewIcosaedronDialog.h">
      <Filter>Header Files\geometry</Filter>
    </ClInclude>
    <ClInclude Include="include\CastorShape\geometry\NewPlaneDialog.h">
      <Filter>Header Files\geometry</Filter>
    </ClInclude>
    <ClInclude Include="include\CastorShape\geometry\NewSphereDialog.h">
      <Filter>Header Files\geometry</Filter>
    </ClInclude>
    <ClInclude Include="include\CastorShape\geometry\NewTorusDialog.h">
      <Filter>Header Files\geometry</Filter>
    </ClInclude>
    <ClInclude Include="include\CastorShape\material\EnvironmentFrame.h">
      <Filter>Header Files\material</Filter>
    </ClInclude>
    <ClInclude Include="include\CastorShape\material\MaterialPanel.h">
      <Filter>Header Files\material</Filter>
    </ClInclude>
    <ClInclude Include="include\CastorShape\material\MaterialsFrame.h">
      <Filter>Header Files\material</Filter>
    </ClInclude>
    <ClInclude Include="include\CastorShape\material\MaterialsListView.h">
      <Filter>Header Files\material</Filter>
    </ClInclude>
    <ClInclude Include="include\CastorShape\material\Module_Material.h">
      <Filter>Header Files\material</Filter>
    </ClInclude>
    <ClInclude Include="include\CastorShape\material\NewMaterialDialog.h">
      <Filter>Header Files\material</Filter>
    </ClInclude>
    <ClInclude Include="include\CastorShape\material\PassPanel.h">
      <Filter>Header Files\material</Filter>
    </ClInclude>
    <ClInclude Include="include\CastorShape\glsl\Context.h">
      <Filter>Header Files\glsl</Filter>
    </ClInclude>
    <ClInclude Include="include\CastorShape\glsl\Function.h">
      <Filter>Header Files\glsl</Filter>
    </ClInclude>
    <ClInclude Include="include\CastorShape\glsl\MapIterator.h">
      <Filter>Header Files\glsl</Filter>
    </ClInclude>
    <ClInclude Include="include\CastorShape\glsl\module_script.h">
      <Filter>Header Files\glsl</Filter>
    </ClInclude>
    <ClInclude Include="include\CastorShape\glsl\ScriptBlock.h">
      <Filter>Header Files\glsl</Filter>
    </ClInclude>
    <ClInclude Include="include\CastorShape\glsl\ScriptCompiler.h">
      <Filter>Header Files\glsl</Filter>
    </ClInclude>
    <ClInclude Include="include\CastorShape\glsl\ScriptEngine.h">
      <Filter>Header Files\glsl</Filter>
    </ClInclude>
    <ClInclude Include="include\CastorShape\glsl\ScriptFunctionOperators.h">
      <Filter>Header Files\glsl</Filter>
    </ClInclude>
    <ClInclude Include="include\CastorShape\glsl\ScriptFunctions.h">
      <Filter>Header Files\glsl</Filter>
    </ClInclude>
    <ClInclude Include="include\CastorShape\glsl\ScriptNode.h">
      <Filter>Header Files\glsl</Filter>
    </ClInclude>
    <ClInclude Include="include\CastorShape\glsl\ScriptNodeValue.h">
      <Filter>Header Files\glsl</Filter>
    </ClInclude>
    <ClInclude Include="include\CastorShape\material\ShaderDialog.h">
      <Filter>Header Files\glsl</Filter>
    </ClInclude>
    <ClInclude Include="include\CastorShape\glsl\Structure.h">
      <Filter>Header Files\glsl</Filter>
    </ClInclude>
    <ClInclude Include="include\CastorShape\glsl\TextCtrl.h">
      <Filter>Header Files\glsl</Filter>
    </ClInclude>
    <ClInclude Include="include\CastorShape\glsl\TextLinesCtrl.h">
      <Filter>Header Files\glsl</Filter>
    </ClInclude>
    <ClInclude Include="include\CastorShape\glsl\TextPanel.h">
      <Filter>Header Files\glsl</Filter>
    </ClInclude>
    <ClInclude Include="include\CastorShape\glsl\UniformVariableDialog.h">
      <Filter>Header Files\glsl</Filter>
    </ClInclude>
    <ClInclude Include="include\CastorShape\glsl\VariableType.h">
      <Filter>Header Files\glsl</Filter>
    </ClInclude>
    <ClInclude Include="resource.h">
      <Filter>Resource Files</Filter>
    </ClInclude>
  </ItemGroup>
  <ItemGroup>
    <ResourceCompile Include="Castor Shape.rc">
      <Filter>Resource Files</Filter>
    </ResourceCompile>
  </ItemGroup>
  <ItemGroup>
    <Image Include="rsc\castor.bmp">
      <Filter>Resource Files</Filter>
    </Image>
    <Image Include="rsc\castor.ico">
      <Filter>Resource Files</Filter>
    </Image>
  </ItemGroup>
</Project>